<?xml version="1.0" encoding="utf-8"?>
<Project ToolsVersion="4.0" xmlns="http://schemas.microsoft.com/developer/msbuild/2003">
  <ItemGroup>
    <ClCompile Include="Core\Graphics\CommandList.cpp" />
    <ClCompile Include="Core\Compute\GPUComputing.cpp" />
    <ClCompile Include="Core\Graphics\Device.cpp" />
    <ClCompile Include="Core\Graphics\Frame.cpp" />
    <ClCompile Include="Core\Graphics\FrameManager.cpp" />
    <ClCompile Include="Core\Graphics\GraphicsCommandQueue.cpp" />
    <ClCompile Include="Core\Graphics\GraphicsCore.cpp" />
    <ClCompile Include="Core\Graphics\Swapchain.cpp" />
    <ClCompile Include="Core\Input\Input.cpp" />
    <ClCompile Include="Core\Window\VideoMode.cpp" />
    <ClCompile Include="Core\Window\Window.cpp" />
    <ClCompile Include="main.cpp" />
    <ClCompile Include="ObjLoader.cpp" />
    <ClCompile Include="Core\Render\Renderer.cpp" />
    <ClCompile Include="pch.cpp" />
    <ClCompile Include="Utility\imgui.cpp" />
    <ClCompile Include="Utility\imgui_demo.cpp" />
    <ClCompile Include="Utility\imgui_draw.cpp" />
    <ClCompile Include="Utility\imgui_impl_dx12.cpp" />
    <ClCompile Include="Utility\imgui_impl_win32.cpp" />
    <ClCompile Include="Utility\imgui_widgets.cpp" />
    <ClCompile Include="Core\Graphics\GraphicsPipelineState.cpp" />
    <ClCompile Include="Core\Graphics\VertexBuffer.cpp" />
    <ClCompile Include="Core\Graphics\ConstantBuffer.cpp" />
    <ClCompile Include="Core\Camera\FPSCamera.cpp" />
  </ItemGroup>
  <ItemGroup>
    <ClInclude Include="Core\Graphics\CommandList.h" />
    <ClInclude Include="Core\Graphics\ConstantBuffer.h" />
    <ClInclude Include="Core\Compute\GPUComputing.h" />
    <ClInclude Include="Core\Graphics\Device.h" />
    <ClInclude Include="Core\Graphics\Frame.h" />
    <ClInclude Include="Core\Graphics\FrameManager.h" />
    <ClInclude Include="Core\Graphics\GraphicsCommandQueue.h" />
    <ClInclude Include="Core\Graphics\GraphicsCore.h" />
    <ClInclude Include="Core\Graphics\Swapchain.h" />
    <ClInclude Include="Core\Input\Input.h" />
    <ClInclude Include="Core\Window\VideoMode.h" />
    <ClInclude Include="Core\Window\Window.h" />
    <ClInclude Include="ObjLoader.h" />
    <ClInclude Include="Core\Render\Renderer.h" />
    <ClInclude Include="pch.h" />
    <ClInclude Include="Utility\imconfig.h" />
    <ClInclude Include="Utility\imgui.h" />
    <ClInclude Include="Utility\imgui_impl_dx12.h" />
    <ClInclude Include="Utility\imgui_impl_win32.h" />
    <ClInclude Include="Utility\imgui_internal.h" />
    <ClInclude Include="Utility\imstb_rectpack.h" />
    <ClInclude Include="Utility\imstb_textedit.h" />
    <ClInclude Include="Utility\imstb_truetype.h" />
    <ClInclude Include="Utility\d3dx12.h" />
    <ClInclude Include="Core\Graphics\GraphicsPipelineState.h" />
    <ClInclude Include="Core\Graphics\VertexBuffer.h" />
    <ClInclude Include="Core\Camera\FPSCamera.h" />
  </ItemGroup>
  <ItemGroup>
    <FxCompile Include="Shaders\simpleVertex.hlsl" />
    <FxCompile Include="Shaders\simplePixel.hlsl" />
  </ItemGroup>
</Project>