<?xml version="1.0" encoding="utf-8"?>
<Project ToolsVersion="4.0" xmlns="http://schemas.microsoft.com/developer/msbuild/2003">
  <ItemGroup>
    <ClCompile Include="Core\Compute\GPUComputing.cpp" />
    <ClCompile Include="Core\Graphics\Frame.cpp" />
    <ClCompile Include="Core\Graphics\FrameManager.cpp" />
    <ClCompile Include="Core\Input\Input.cpp" />
    <ClCompile Include="Core\Window\VideoMode.cpp" />
    <ClCompile Include="Core\Window\Window.cpp" />
    <ClCompile Include="Core\Render\Renderer.cpp" />
    <ClCompile Include="pch.cpp" />
    <ClCompile Include="Utility\imgui.cpp" />
    <ClCompile Include="Utility\imgui_demo.cpp" />
    <ClCompile Include="Utility\imgui_draw.cpp" />
    <ClCompile Include="Utility\imgui_impl_dx12.cpp" />
    <ClCompile Include="Utility\imgui_impl_win32.cpp" />
    <ClCompile Include="Utility\imgui_widgets.cpp" />
    <ClCompile Include="Core\Camera\FPSCamera.cpp" />
    <ClCompile Include="main.cpp" />
    <ClCompile Include="CopyList.cpp" />
    <ClCompile Include="Utility\ObjLoader.cpp" />
    <ClCompile Include="Core\Graphics\DX12\CommandList.cpp" />
    <ClCompile Include="Core\Graphics\DX12\ConstantBuffer.cpp" />
    <ClCompile Include="Core\Graphics\DX12\Device.cpp" />
    <ClCompile Include="Core\Graphics\DX12\GraphicsCommandQueue.cpp" />
    <ClCompile Include="Core\Graphics\DX12\GraphicsPipelineState.cpp" />
    <ClCompile Include="Core\Graphics\DX12\Swapchain.cpp" />
    <ClCompile Include="Core\Graphics\DX12\VertexBuffer.cpp" />
    <ClCompile Include="Core\Graphics\Grid.cpp" />
    <ClCompile Include="Core\Graphics\DX12\DepthStencil.cpp" />
    <ClCompile Include="Core\Compute\ComputeQueue.cpp" />
    <ClCompile Include="Utility\D3D12Timer.cpp" />
  </ItemGroup>
  <ItemGroup>
    <ClInclude Include="Core\Compute\GPUComputing.h" />
    <ClInclude Include="Core\Graphics\Frame.h" />
    <ClInclude Include="Core\Graphics\FrameManager.h" />
    <ClInclude Include="Core\Input\Input.h" />
    <ClInclude Include="Core\Window\VideoMode.h" />
    <ClInclude Include="Core\Window\Window.h" />
    <ClInclude Include="Core\Render\Renderer.h" />
    <ClInclude Include="pch.h" />
    <ClInclude Include="Utility\imconfig.h" />
    <ClInclude Include="Utility\imgui.h" />
    <ClInclude Include="Utility\imgui_impl_dx12.h" />
    <ClInclude Include="Utility\imgui_impl_win32.h" />
    <ClInclude Include="Utility\imgui_internal.h" />
    <ClInclude Include="Utility\imstb_rectpack.h" />
    <ClInclude Include="Utility\imstb_textedit.h" />
    <ClInclude Include="Utility\imstb_truetype.h" />
    <ClInclude Include="Utility\d3dx12.h" />
    <ClInclude Include="Core\Camera\FPSCamera.h" />
    <ClInclude Include="CopyList.h" />
    <ClInclude Include="Utility\ObjLoader.h" />
    <ClInclude Include="Core\Graphics\DX12\CommandList.h" />
    <ClInclude Include="Core\Graphics\DX12\ConstantBuffer.h" />
    <ClInclude Include="Core\Graphics\DX12\Device.h" />
    <ClInclude Include="Core\Graphics\DX12\GraphicsCommandQueue.h" />
    <ClInclude Include="Core\Graphics\DX12\GraphicsPipelineState.h" />
    <ClInclude Include="Core\Graphics\DX12\Swapchain.h" />
    <ClInclude Include="Core\Graphics\DX12\VertexBuffer.h" />
    <ClInclude Include="Core\Graphics\Grid.h" />
    <ClInclude Include="Core\Graphics\DX12\DepthStencil.h" />
    <ClInclude Include="Core\Compute\ComputeQueue.h" />
    <ClInclude Include="Utility\D3D12Timer.h" />
  </ItemGroup>
  <ItemGroup>
    <FxCompile Include="Shaders\LineVS.hlsl" />
    <FxCompile Include="Shaders\LinePS.hlsl" />
    <FxCompile Include="Shaders\CubeVS.hlsl" />
    <FxCompile Include="Shaders\CubePS.hlsl" />
    <FxCompile Include="Shaders\ComputeShader.hlsl" />
  </ItemGroup>
  <ItemGroup>
    <None Include="packages.config" />
  </ItemGroup>
</Project>